// !$*UTF8*$!
{
	archiveVersion = 1;
	classes = {
	};
	objectVersion = 50;
	objects = {

/* Begin PBXBuildFile section */
		E953241C23AD852F00BBA6E2 /* MainUIView.swift in Sources */ = {isa = PBXBuildFile; fileRef = E953241B23AD852F00BBA6E2 /* MainUIView.swift */; };
		E953242423AD9F1400BBA6E2 /* CanvasUIView.swift in Sources */ = {isa = PBXBuildFile; fileRef = E953242323AD9F1400BBA6E2 /* CanvasUIView.swift */; };
		E99D757923A2D4E100EACECF /* AppDelegate.swift in Sources */ = {isa = PBXBuildFile; fileRef = E99D757823A2D4E100EACECF /* AppDelegate.swift */; };
		E99D757B23A2D4E100EACECF /* SceneDelegate.swift in Sources */ = {isa = PBXBuildFile; fileRef = E99D757A23A2D4E100EACECF /* SceneDelegate.swift */; };
		E99D757F23A2D4E800EACECF /* Assets.xcassets in Resources */ = {isa = PBXBuildFile; fileRef = E99D757E23A2D4E800EACECF /* Assets.xcassets */; };
		E99D758223A2D4E800EACECF /* Preview Assets.xcassets in Resources */ = {isa = PBXBuildFile; fileRef = E99D758123A2D4E800EACECF /* Preview Assets.xcassets */; };
		E99D758523A2D4E800EACECF /* LaunchScreen.storyboard in Resources */ = {isa = PBXBuildFile; fileRef = E99D758323A2D4E800EACECF /* LaunchScreen.storyboard */; };
		E99D758D23A6A2E800EACECF /* ViewModel.swift in Sources */ = {isa = PBXBuildFile; fileRef = E99D758C23A6A2E800EACECF /* ViewModel.swift */; };
/* End PBXBuildFile section */

/* Begin PBXFileReference section */
		E953241B23AD852F00BBA6E2 /* MainUIView.swift */ = {isa = PBXFileReference; lastKnownFileType = sourcecode.swift; path = MainUIView.swift; sourceTree = "<group>"; };
		E953242323AD9F1400BBA6E2 /* CanvasUIView.swift */ = {isa = PBXFileReference; lastKnownFileType = sourcecode.swift; path = CanvasUIView.swift; sourceTree = "<group>"; };
		E99D757523A2D4E100EACECF /* PhonePaint.app */ = {isa = PBXFileReference; explicitFileType = wrapper.application; includeInIndex = 0; path = PhonePaint.app; sourceTree = BUILT_PRODUCTS_DIR; };
		E99D757823A2D4E100EACECF /* AppDelegate.swift */ = {isa = PBXFileReference; lastKnownFileType = sourcecode.swift; path = AppDelegate.swift; sourceTree = "<group>"; };
		E99D757A23A2D4E100EACECF /* SceneDelegate.swift */ = {isa = PBXFileReference; lastKnownFileType = sourcecode.swift; path = SceneDelegate.swift; sourceTree = "<group>"; };
		E99D757E23A2D4E800EACECF /* Assets.xcassets */ = {isa = PBXFileReference; lastKnownFileType = folder.assetcatalog; path = Assets.xcassets; sourceTree = "<group>"; };
		E99D758123A2D4E800EACECF /* Preview Assets.xcassets */ = {isa = PBXFileReference; lastKnownFileType = folder.assetcatalog; path = "Preview Assets.xcassets"; sourceTree = "<group>"; };
		E99D758423A2D4E800EACECF /* Base */ = {isa = PBXFileReference; lastKnownFileType = file.storyboard; name = Base; path = Base.lproj/LaunchScreen.storyboard; sourceTree = "<group>"; };
		E99D758623A2D4E800EACECF /* Info.plist */ = {isa = PBXFileReference; lastKnownFileType = text.plist.xml; path = Info.plist; sourceTree = "<group>"; };
		E99D758C23A6A2E800EACECF /* ViewModel.swift */ = {isa = PBXFileReference; lastKnownFileType = sourcecode.swift; path = ViewModel.swift; sourceTree = "<group>"; };
/* End PBXFileReference section */

/* Begin PBXFrameworksBuildPhase section */
		E99D757223A2D4E100EACECF /* Frameworks */ = {
			isa = PBXFrameworksBuildPhase;
			buildActionMask = 2147483647;
			files = (
			);
			runOnlyForDeploymentPostprocessing = 0;
		};
/* End PBXFrameworksBuildPhase section */

/* Begin PBXGroup section */
		E953241623AD82B900BBA6E2 /* UserStory */ = {
			isa = PBXGroup;
			children = (
				E953241723AD82C600BBA6E2 /* Main */,
			);
			path = UserStory;
			sourceTree = "<group>";
		};
		E953241723AD82C600BBA6E2 /* Main */ = {
			isa = PBXGroup;
			children = (
				E953241B23AD852F00BBA6E2 /* MainUIView.swift */,
			);
			path = Main;
			sourceTree = "<group>";
		};
		E953241823AD82F900BBA6E2 /* Library */ = {
			isa = PBXGroup;
			children = (
				E953241A23AD831300BBA6E2 /* Reusable Layer */,
				E953241923AD830100BBA6E2 /* Extension */,
			);
			path = Library;
			sourceTree = "<group>";
		};
		E953241923AD830100BBA6E2 /* Extension */ = {
			isa = PBXGroup;
			children = (
			);
			path = Extension;
			sourceTree = "<group>";
		};
		E953241A23AD831300BBA6E2 /* Reusable Layer */ = {
			isa = PBXGroup;
			children = (
				E953242323AD9F1400BBA6E2 /* CanvasUIView.swift */,
			);
			path = "Reusable Layer";
			sourceTree = "<group>";
		};
		E953241D23AD864500BBA6E2 /* Application */ = {
			isa = PBXGroup;
			children = (
				E99D757823A2D4E100EACECF /* AppDelegate.swift */,
				E99D757A23A2D4E100EACECF /* SceneDelegate.swift */,
				E99D758323A2D4E800EACECF /* LaunchScreen.storyboard */,
				E99D758623A2D4E800EACECF /* Info.plist */,
			);
			path = Application;
			sourceTree = "<group>";
		};
		E953241E23AD866100BBA6E2 /* Resources */ = {
			isa = PBXGroup;
			children = (
				E953241F23AD867600BBA6E2 /* Application Content */,
				E99D758023A2D4E800EACECF /* Preview Content */,
			);
			path = Resources;
			sourceTree = "<group>";
		};
		E953241F23AD867600BBA6E2 /* Application Content */ = {
			isa = PBXGroup;
			children = (
				E99D757E23A2D4E800EACECF /* Assets.xcassets */,
			);
			path = "Application Content";
			sourceTree = "<group>";
		};
		E953242023AD871B00BBA6E2 /* ViewModels */ = {
			isa = PBXGroup;
			children = (
				E99D758C23A6A2E800EACECF /* ViewModel.swift */,
			);
			path = ViewModels;
			sourceTree = "<group>";
		};
		E953242123AD872300BBA6E2 /* Presentation Layer */ = {
			isa = PBXGroup;
			children = (
				E953241623AD82B900BBA6E2 /* UserStory */,
				E953242023AD871B00BBA6E2 /* ViewModels */,
			);
			path = "Presentation Layer";
			sourceTree = "<group>";
		};
		E99D756C23A2D4E100EACECF = {
			isa = PBXGroup;
			children = (
				E99D757723A2D4E100EACECF /* PhonePaint */,
				E99D757623A2D4E100EACECF /* Products */,
			);
			sourceTree = "<group>";
		};
		E99D757623A2D4E100EACECF /* Products */ = {
			isa = PBXGroup;
			children = (
				E99D757523A2D4E100EACECF /* PhonePaint.app */,
			);
			name = Products;
			sourceTree = "<group>";
		};
		E99D757723A2D4E100EACECF /* PhonePaint */ = {
			isa = PBXGroup;
			children = (
				E953241D23AD864500BBA6E2 /* Application */,
				E953241823AD82F900BBA6E2 /* Library */,
				E953242123AD872300BBA6E2 /* Presentation Layer */,
				E953241E23AD866100BBA6E2 /* Resources */,
			);
			path = PhonePaint;
			sourceTree = "<group>";
		};
		E99D758023A2D4E800EACECF /* Preview Content */ = {
			isa = PBXGroup;
			children = (
				E99D758123A2D4E800EACECF /* Preview Assets.xcassets */,
			);
			path = "Preview Content";
			sourceTree = "<group>";
		};
/* End PBXGroup section */

/* Begin PBXNativeTarget section */
		E99D757423A2D4E100EACECF /* PhonePaint */ = {
			isa = PBXNativeTarget;
			buildConfigurationList = E99D758923A2D4E800EACECF /* Build configuration list for PBXNativeTarget "PhonePaint" */;
			buildPhases = (
				E99D757123A2D4E100EACECF /* Sources */,
				E99D757223A2D4E100EACECF /* Frameworks */,
				E99D757323A2D4E100EACECF /* Resources */,
			);
			buildRules = (
			);
			dependencies = (
			);
			name = PhonePaint;
			productName = PhonePaint;
			productReference = E99D757523A2D4E100EACECF /* PhonePaint.app */;
			productType = "com.apple.product-type.application";
		};
/* End PBXNativeTarget section */

/* Begin PBXProject section */
		E99D756D23A2D4E100EACECF /* Project object */ = {
			isa = PBXProject;
			attributes = {
				LastSwiftUpdateCheck = 1120;
				LastUpgradeCheck = 1120;
				ORGANIZATIONNAME = pavbox;
				TargetAttributes = {
					E99D757423A2D4E100EACECF = {
						CreatedOnToolsVersion = 11.2;
					};
				};
			};
			buildConfigurationList = E99D757023A2D4E100EACECF /* Build configuration list for PBXProject "PhonePaint" */;
			compatibilityVersion = "Xcode 9.3";
			developmentRegion = en;
			hasScannedForEncodings = 0;
			knownRegions = (
				en,
				Base,
			);
			mainGroup = E99D756C23A2D4E100EACECF;
			productRefGroup = E99D757623A2D4E100EACECF /* Products */;
			projectDirPath = "";
			projectRoot = "";
			targets = (
				E99D757423A2D4E100EACECF /* PhonePaint */,
			);
		};
/* End PBXProject section */

/* Begin PBXResourcesBuildPhase section */
		E99D757323A2D4E100EACECF /* Resources */ = {
			isa = PBXResourcesBuildPhase;
			buildActionMask = 2147483647;
			files = (
				E99D758523A2D4E800EACECF /* LaunchScreen.storyboard in Resources */,
				E99D758223A2D4E800EACECF /* Preview Assets.xcassets in Resources */,
				E99D757F23A2D4E800EACECF /* Assets.xcassets in Resources */,
			);
			runOnlyForDeploymentPostprocessing = 0;
		};
/* End PBXResourcesBuildPhase section */

/* Begin PBXSourcesBuildPhase section */
		E99D757123A2D4E100EACECF /* Sources */ = {
			isa = PBXSourcesBuildPhase;
			buildActionMask = 2147483647;
			files = (
				E99D757923A2D4E100EACECF /* AppDelegate.swift in Sources */,
				E99D757B23A2D4E100EACECF /* SceneDelegate.swift in Sources */,
				E99D758D23A6A2E800EACECF /* ViewModel.swift in Sources */,
				E953241C23AD852F00BBA6E2 /* MainUIView.swift in Sources */,
				E953242423AD9F1400BBA6E2 /* CanvasUIView.swift in Sources */,
			);
			runOnlyForDeploymentPostprocessing = 0;
		};
/* End PBXSourcesBuildPhase section */

/* Begin PBXVariantGroup section */
		E99D758323A2D4E800EACECF /* LaunchScreen.storyboard */ = {
			isa = PBXVariantGroup;
			children = (
				E99D758423A2D4E800EACECF /* Base */,
			);
			name = LaunchScreen.storyboard;
			sourceTree = "<group>";
		};
/* End PBXVariantGroup section */

/* Begin XCBuildConfiguration section */
		E99D758723A2D4E800EACECF /* Debug */ = {
			isa = XCBuildConfiguration;
			buildSettings = {
				ALWAYS_SEARCH_USER_PATHS = NO;
				CLANG_ANALYZER_NONNULL = YES;
				CLANG_ANALYZER_NUMBER_OBJECT_CONVERSION = YES_AGGRESSIVE;
				CLANG_CXX_LANGUAGE_STANDARD = "gnu++14";
				CLANG_CXX_LIBRARY = "libc++";
				CLANG_ENABLE_MODULES = YES;
				CLANG_ENABLE_OBJC_ARC = YES;
				CLANG_ENABLE_OBJC_WEAK = YES;
				CLANG_WARN_BLOCK_CAPTURE_AUTORELEASING = YES;
				CLANG_WARN_BOOL_CONVERSION = YES;
				CLANG_WARN_COMMA = YES;
				CLANG_WARN_CONSTANT_CONVERSION = YES;
				CLANG_WARN_DEPRECATED_OBJC_IMPLEMENTATIONS = YES;
				CLANG_WARN_DIRECT_OBJC_ISA_USAGE = YES_ERROR;
				CLANG_WARN_DOCUMENTATION_COMMENTS = YES;
				CLANG_WARN_EMPTY_BODY = YES;
				CLANG_WARN_ENUM_CONVERSION = YES;
				CLANG_WARN_INFINITE_RECURSION = YES;
				CLANG_WARN_INT_CONVERSION = YES;
				CLANG_WARN_NON_LITERAL_NULL_CONVERSION = YES;
				CLANG_WARN_OBJC_IMPLICIT_RETAIN_SELF = YES;
				CLANG_WARN_OBJC_LITERAL_CONVERSION = YES;
				CLANG_WARN_OBJC_ROOT_CLASS = YES_ERROR;
				CLANG_WARN_RANGE_LOOP_ANALYSIS = YES;
				CLANG_WARN_STRICT_PROTOTYPES = YES;
				CLANG_WARN_SUSPICIOUS_MOVE = YES;
				CLANG_WARN_UNGUARDED_AVAILABILITY = YES_AGGRESSIVE;
				CLANG_WARN_UNREACHABLE_CODE = YES;
				CLANG_WARN__DUPLICATE_METHOD_MATCH = YES;
				COPY_PHASE_STRIP = NO;
				DEBUG_INFORMATION_FORMAT = dwarf;
				ENABLE_STRICT_OBJC_MSGSEND = YES;
				ENABLE_TESTABILITY = YES;
				GCC_C_LANGUAGE_STANDARD = gnu11;
				GCC_DYNAMIC_NO_PIC = NO;
				GCC_NO_COMMON_BLOCKS = YES;
				GCC_OPTIMIZATION_LEVEL = 0;
				GCC_PREPROCESSOR_DEFINITIONS = (
					"DEBUG=1",
					"$(inherited)",
				);
				GCC_WARN_64_TO_32_BIT_CONVERSION = YES;
				GCC_WARN_ABOUT_RETURN_TYPE = YES_ERROR;
				GCC_WARN_UNDECLARED_SELECTOR = YES;
				GCC_WARN_UNINITIALIZED_AUTOS = YES_AGGRESSIVE;
				GCC_WARN_UNUSED_FUNCTION = YES;
				GCC_WARN_UNUSED_VARIABLE = YES;
				IPHONEOS_DEPLOYMENT_TARGET = 13.2;
				MTL_ENABLE_DEBUG_INFO = INCLUDE_SOURCE;
				MTL_FAST_MATH = YES;
				ONLY_ACTIVE_ARCH = YES;
				SDKROOT = iphoneos;
				SWIFT_ACTIVE_COMPILATION_CONDITIONS = DEBUG;
				SWIFT_OPTIMIZATION_LEVEL = "-Onone";
			};
			name = Debug;
		};
		E99D758823A2D4E800EACECF /* Release */ = {
			isa = XCBuildConfiguration;
			buildSettings = {
				ALWAYS_SEARCH_USER_PATHS = NO;
				CLANG_ANALYZER_NONNULL = YES;
				CLANG_ANALYZER_NUMBER_OBJECT_CONVERSION = YES_AGGRESSIVE;
				CLANG_CXX_LANGUAGE_STANDARD = "gnu++14";
				CLANG_CXX_LIBRARY = "libc++";
				CLANG_ENABLE_MODULES = YES;
				CLANG_ENABLE_OBJC_ARC = YES;
				CLANG_ENABLE_OBJC_WEAK = YES;
				CLANG_WARN_BLOCK_CAPTURE_AUTORELEASING = YES;
				CLANG_WARN_BOOL_CONVERSION = YES;
				CLANG_WARN_COMMA = YES;
				CLANG_WARN_CONSTANT_CONVERSION = YES;
				CLANG_WARN_DEPRECATED_OBJC_IMPLEMENTATIONS = YES;
				CLANG_WARN_DIRECT_OBJC_ISA_USAGE = YES_ERROR;
				CLANG_WARN_DOCUMENTATION_COMMENTS = YES;
				CLANG_WARN_EMPTY_BODY = YES;
				CLANG_WARN_ENUM_CONVERSION = YES;
				CLANG_WARN_INFINITE_RECURSION = YES;
				CLANG_WARN_INT_CONVERSION = YES;
				CLANG_WARN_NON_LITERAL_NULL_CONVERSION = YES;
				CLANG_WARN_OBJC_IMPLICIT_RETAIN_SELF = YES;
				CLANG_WARN_OBJC_LITERAL_CONVERSION = YES;
				CLANG_WARN_OBJC_ROOT_CLASS = YES_ERROR;
				CLANG_WARN_RANGE_LOOP_ANALYSIS = YES;
				CLANG_WARN_STRICT_PROTOTYPES = YES;
				CLANG_WARN_SUSPICIOUS_MOVE = YES;
				CLANG_WARN_UNGUARDED_AVAILABILITY = YES_AGGRESSIVE;
				CLANG_WARN_UNREACHABLE_CODE = YES;
				CLANG_WARN__DUPLICATE_METHOD_MATCH = YES;
				COPY_PHASE_STRIP = NO;
				DEBUG_INFORMATION_FORMAT = "dwarf-with-dsym";
				ENABLE_NS_ASSERTIONS = NO;
				ENABLE_STRICT_OBJC_MSGSEND = YES;
				GCC_C_LANGUAGE_STANDARD = gnu11;
				GCC_NO_COMMON_BLOCKS = YES;
				GCC_WARN_64_TO_32_BIT_CONVERSION = YES;
				GCC_WARN_ABOUT_RETURN_TYPE = YES_ERROR;
				GCC_WARN_UNDECLARED_SELECTOR = YES;
				GCC_WARN_UNINITIALIZED_AUTOS = YES_AGGRESSIVE;
				GCC_WARN_UNUSED_FUNCTION = YES;
				GCC_WARN_UNUSED_VARIABLE = YES;
				IPHONEOS_DEPLOYMENT_TARGET = 13.2;
				MTL_ENABLE_DEBUG_INFO = NO;
				MTL_FAST_MATH = YES;
				SDKROOT = iphoneos;
				SWIFT_COMPILATION_MODE = wholemodule;
				SWIFT_OPTIMIZATION_LEVEL = "-O";
				VALIDATE_PRODUCT = YES;
			};
			name = Release;
		};
		E99D758A23A2D4E800EACECF /* Debug */ = {
			isa = XCBuildConfiguration;
			buildSettings = {
				ASSETCATALOG_COMPILER_APPICON_NAME = AppIcon;
				CODE_SIGN_STYLE = Automatic;
				DEVELOPMENT_ASSET_PATHS = "PhonePaint/Resources/Preview\\ Content";
				DEVELOPMENT_TEAM = EKT5P9636M;
				ENABLE_PREVIEWS = YES;
				INFOPLIST_FILE = PhonePaint/Application/Info.plist;
				LD_RUNPATH_SEARCH_PATHS = (
					"$(inherited)",
					"@executable_path/Frameworks",
				);
				MARKETING_VERSION = 0.1.0;
				PRODUCT_BUNDLE_IDENTIFIER = com.pavbox.PhonePaint;
				PRODUCT_NAME = "$(TARGET_NAME)";
				SWIFT_VERSION = 5.0;
				TARGETED_DEVICE_FAMILY = "1,2";
			};
			name = Debug;
		};
		E99D758B23A2D4E800EACECF /* Release */ = {
			isa = XCBuildConfiguration;
			buildSettings = {
				ASSETCATALOG_COMPILER_APPICON_NAME = AppIcon;
				CODE_SIGN_STYLE = Automatic;
				DEVELOPMENT_ASSET_PATHS = "PhonePaint/Resources/Preview\\ Content";
				DEVELOPMENT_TEAM = EKT5P9636M;
				ENABLE_PREVIEWS = YES;
				INFOPLIST_FILE = PhonePaint/Application/Info.plist;
				LD_RUNPATH_SEARCH_PATHS = (
					"$(inherited)",
					"@executable_path/Frameworks",
				);
				MARKETING_VERSION = 0.1.0;
				PRODUCT_BUNDLE_IDENTIFIER = com.pavbox.PhonePaint;
				PRODUCT_NAME = "$(TARGET_NAME)";
				SWIFT_VERSION = 5.0;
				TARGETED_DEVICE_FAMILY = "1,2";
			};
			name = Release;
		};
/* End XCBuildConfiguration section */

/* Begin XCConfigurationList section */
		E99D757023A2D4E100EACECF /* Build configuration list for PBXProject "PhonePaint" */ = {
			isa = XCConfigurationList;
			buildConfigurations = (
				E99D758723A2D4E800EACECF /* Debug */,
				E99D758823A2D4E800EACECF /* Release */,
			);
			defaultConfigurationIsVisible = 0;
			defaultConfigurationName = Release;
		};
		E99D758923A2D4E800EACECF /* Build configuration list for PBXNativeTarget "PhonePaint" */ = {
			isa = XCConfigurationList;
			buildConfigurations = (
				E99D758A23A2D4E800EACECF /* Debug */,
				E99D758B23A2D4E800EACECF /* Release */,
			);
			defaultConfigurationIsVisible = 0;
			defaultConfigurationName = Release;
		};
/* End XCConfigurationList section */
	};
	rootObject = E99D756D23A2D4E100EACECF /* Project object */;
}
